
Microsoft Visual Studio Solution File, Format Version 12.00
# Visual Studio Version 16
VisualStudioVersion = 16.0.29411.138
MinimumVisualStudioVersion = 15.0.26124.0
Project("{9A19103F-16F7-4668-BE54-9A1E7A4F7556}") = "IoTPortal.Model", "IoTPortal.Model\IoTPortal.Model.csproj", "{8B494E4D-E0E6-4EF1-BC3B-FF9AE8DE6131}"
EndProject
Project("{9A19103F-16F7-4668-BE54-9A1E7A4F7556}") = "IoTPortal.Api", "IoTPortal.Api\IoTPortal.Api.csproj", "{A234CA9D-1F8A-4015-B30B-9297840DC664}"
EndProject
Project("{9A19103F-16F7-4668-BE54-9A1E7A4F7556}") = "IoTPortal.Components", "IoTPortal.Components\IoTPortal.Components.csproj", "{FD472503-4742-4968-BC45-991881B60847}"
EndProject
Project("{9A19103F-16F7-4668-BE54-9A1E7A4F7556}") = "IoTPortal.Client", "IoTPortal.Client\IoTPortal.Client.csproj", "{142DDB8F-3C3A-4720-9CC5-0E9348867689}"
EndProject
Project("{9A19103F-16F7-4668-BE54-9A1E7A4F7556}") = "Data", "Data\Data.csproj", "{2607E028-A717-4C06-82FC-86E26DC322AD}"
EndProject
Project("{9A19103F-16F7-4668-BE54-9A1E7A4F7556}") = "Logic", "Logic\Logic.csproj", "{D383501F-2518-4127-BEF1-21DFCCB95AE2}"
EndProject
Project("{2150E333-8FDC-42A3-9474-1A3956D46DE8}") = "02 Backend", "02 Backend", "{376FBDAA-0A9D-457D-B7A7-39BD8723FD9B}"
EndProject
Project("{2150E333-8FDC-42A3-9474-1A3956D46DE8}") = "01 Frontend", "01 Frontend", "{49790950-5C95-4DC8-8764-EFC8287DC6A6}"
EndProject
Project("{2150E333-8FDC-42A3-9474-1A3956D46DE8}") = "03 Shared", "03 Shared", "{C518E591-8148-4239-89B7-2D8E0DBBA813}"
EndProject
Project("{2150E333-8FDC-42A3-9474-1A3956D46DE8}") = "01 API", "01 API", "{240CB823-EE50-4DFE-AC59-03944113B249}"
EndProject
Project("{2150E333-8FDC-42A3-9474-1A3956D46DE8}") = "02 Logic", "02 Logic", "{53F1BD0D-3EB3-4154-BC32-6C52D4F5F18E}"
EndProject
Project("{2150E333-8FDC-42A3-9474-1A3956D46DE8}") = "03 Data", "03 Data", "{663BB454-9B06-4B90-85A2-35423D0893F9}"
EndProject
Global
	GlobalSection(SolutionConfigurationPlatforms) = preSolution
		Debug|Any CPU = Debug|Any CPU
		Debug|x64 = Debug|x64
		Debug|x86 = Debug|x86
		Release|Any CPU = Release|Any CPU
		Release|x64 = Release|x64
		Release|x86 = Release|x86
	EndGlobalSection
	GlobalSection(ProjectConfigurationPlatforms) = postSolution
		{8B494E4D-E0E6-4EF1-BC3B-FF9AE8DE6131}.Debug|Any CPU.ActiveCfg = Debug|Any CPU
		{8B494E4D-E0E6-4EF1-BC3B-FF9AE8DE6131}.Debug|Any CPU.Build.0 = Debug|Any CPU
		{8B494E4D-E0E6-4EF1-BC3B-FF9AE8DE6131}.Debug|x64.ActiveCfg = Debug|Any CPU
		{8B494E4D-E0E6-4EF1-BC3B-FF9AE8DE6131}.Debug|x64.Build.0 = Debug|Any CPU
		{8B494E4D-E0E6-4EF1-BC3B-FF9AE8DE6131}.Debug|x86.ActiveCfg = Debug|Any CPU
		{8B494E4D-E0E6-4EF1-BC3B-FF9AE8DE6131}.Debug|x86.Build.0 = Debug|Any CPU
		{8B494E4D-E0E6-4EF1-BC3B-FF9AE8DE6131}.Release|Any CPU.ActiveCfg = Release|Any CPU
		{8B494E4D-E0E6-4EF1-BC3B-FF9AE8DE6131}.Release|Any CPU.Build.0 = Release|Any CPU
		{8B494E4D-E0E6-4EF1-BC3B-FF9AE8DE6131}.Release|x64.ActiveCfg = Release|Any CPU
		{8B494E4D-E0E6-4EF1-BC3B-FF9AE8DE6131}.Release|x64.Build.0 = Release|Any CPU
		{8B494E4D-E0E6-4EF1-BC3B-FF9AE8DE6131}.Release|x86.ActiveCfg = Release|Any CPU
		{8B494E4D-E0E6-4EF1-BC3B-FF9AE8DE6131}.Release|x86.Build.0 = Release|Any CPU
		{A234CA9D-1F8A-4015-B30B-9297840DC664}.Debug|Any CPU.ActiveCfg = Debug|Any CPU
		{A234CA9D-1F8A-4015-B30B-9297840DC664}.Debug|Any CPU.Build.0 = Debug|Any CPU
		{A234CA9D-1F8A-4015-B30B-9297840DC664}.Debug|x64.ActiveCfg = Debug|Any CPU
		{A234CA9D-1F8A-4015-B30B-9297840DC664}.Debug|x64.Build.0 = Debug|Any CPU
		{A234CA9D-1F8A-4015-B30B-9297840DC664}.Debug|x86.ActiveCfg = Debug|Any CPU
		{A234CA9D-1F8A-4015-B30B-9297840DC664}.Debug|x86.Build.0 = Debug|Any CPU
		{A234CA9D-1F8A-4015-B30B-9297840DC664}.Release|Any CPU.ActiveCfg = Release|Any CPU
		{A234CA9D-1F8A-4015-B30B-9297840DC664}.Release|Any CPU.Build.0 = Release|Any CPU
		{A234CA9D-1F8A-4015-B30B-9297840DC664}.Release|x64.ActiveCfg = Release|Any CPU
		{A234CA9D-1F8A-4015-B30B-9297840DC664}.Release|x64.Build.0 = Release|Any CPU
		{A234CA9D-1F8A-4015-B30B-9297840DC664}.Release|x86.ActiveCfg = Release|Any CPU
		{A234CA9D-1F8A-4015-B30B-9297840DC664}.Release|x86.Build.0 = Release|Any CPU
		{FD472503-4742-4968-BC45-991881B60847}.Debug|Any CPU.ActiveCfg = Debug|Any CPU
		{FD472503-4742-4968-BC45-991881B60847}.Debug|Any CPU.Build.0 = Debug|Any CPU
		{FD472503-4742-4968-BC45-991881B60847}.Debug|x64.ActiveCfg = Debug|Any CPU
		{FD472503-4742-4968-BC45-991881B60847}.Debug|x64.Build.0 = Debug|Any CPU
		{FD472503-4742-4968-BC45-991881B60847}.Debug|x86.ActiveCfg = Debug|Any CPU
		{FD472503-4742-4968-BC45-991881B60847}.Debug|x86.Build.0 = Debug|Any CPU
		{FD472503-4742-4968-BC45-991881B60847}.Release|Any CPU.ActiveCfg = Release|Any CPU
		{FD472503-4742-4968-BC45-991881B60847}.Release|Any CPU.Build.0 = Release|Any CPU
		{FD472503-4742-4968-BC45-991881B60847}.Release|x64.ActiveCfg = Release|Any CPU
		{FD472503-4742-4968-BC45-991881B60847}.Release|x64.Build.0 = Release|Any CPU
		{FD472503-4742-4968-BC45-991881B60847}.Release|x86.ActiveCfg = Release|Any CPU
		{FD472503-4742-4968-BC45-991881B60847}.Release|x86.Build.0 = Release|Any CPU
		{142DDB8F-3C3A-4720-9CC5-0E9348867689}.Debug|Any CPU.ActiveCfg = Debug|Any CPU
		{142DDB8F-3C3A-4720-9CC5-0E9348867689}.Debug|Any CPU.Build.0 = Debug|Any CPU
		{142DDB8F-3C3A-4720-9CC5-0E9348867689}.Debug|x64.ActiveCfg = Debug|Any CPU
		{142DDB8F-3C3A-4720-9CC5-0E9348867689}.Debug|x64.Build.0 = Debug|Any CPU
		{142DDB8F-3C3A-4720-9CC5-0E9348867689}.Debug|x86.ActiveCfg = Debug|Any CPU
		{142DDB8F-3C3A-4720-9CC5-0E9348867689}.Debug|x86.Build.0 = Debug|Any CPU
		{142DDB8F-3C3A-4720-9CC5-0E9348867689}.Release|Any CPU.ActiveCfg = Release|Any CPU
		{142DDB8F-3C3A-4720-9CC5-0E9348867689}.Release|Any CPU.Build.0 = Release|Any CPU
		{142DDB8F-3C3A-4720-9CC5-0E9348867689}.Release|x64.ActiveCfg = Release|Any CPU
		{142DDB8F-3C3A-4720-9CC5-0E9348867689}.Release|x64.Build.0 = Release|Any CPU
		{142DDB8F-3C3A-4720-9CC5-0E9348867689}.Release|x86.ActiveCfg = Release|Any CPU
		{142DDB8F-3C3A-4720-9CC5-0E9348867689}.Release|x86.Build.0 = Release|Any CPU
		{2607E028-A717-4C06-82FC-86E26DC322AD}.Debug|Any CPU.ActiveCfg = Debug|Any CPU
		{2607E028-A717-4C06-82FC-86E26DC322AD}.Debug|Any CPU.Build.0 = Debug|Any CPU
		{2607E028-A717-4C06-82FC-86E26DC322AD}.Debug|x64.ActiveCfg = Debug|Any CPU
		{2607E028-A717-4C06-82FC-86E26DC322AD}.Debug|x64.Build.0 = Debug|Any CPU
		{2607E028-A717-4C06-82FC-86E26DC322AD}.Debug|x86.ActiveCfg = Debug|Any CPU
		{2607E028-A717-4C06-82FC-86E26DC322AD}.Debug|x86.Build.0 = Debug|Any CPU
		{2607E028-A717-4C06-82FC-86E26DC322AD}.Release|Any CPU.ActiveCfg = Release|Any CPU
		{2607E028-A717-4C06-82FC-86E26DC322AD}.Release|Any CPU.Build.0 = Release|Any CPU
		{2607E028-A717-4C06-82FC-86E26DC322AD}.Release|x64.ActiveCfg = Release|Any CPU
		{2607E028-A717-4C06-82FC-86E26DC322AD}.Release|x64.Build.0 = Release|Any CPU
		{2607E028-A717-4C06-82FC-86E26DC322AD}.Release|x86.ActiveCfg = Release|Any CPU
		{2607E028-A717-4C06-82FC-86E26DC322AD}.Release|x86.Build.0 = Release|Any CPU
		{D383501F-2518-4127-BEF1-21DFCCB95AE2}.Debug|Any CPU.ActiveCfg = Debug|Any CPU
		{D383501F-2518-4127-BEF1-21DFCCB95AE2}.Debug|Any CPU.Build.0 = Debug|Any CPU
		{D383501F-2518-4127-BEF1-21DFCCB95AE2}.Debug|x64.ActiveCfg = Debug|Any CPU
		{D383501F-2518-4127-BEF1-21DFCCB95AE2}.Debug|x64.Build.0 = Debug|Any CPU
		{D383501F-2518-4127-BEF1-21DFCCB95AE2}.Debug|x86.ActiveCfg = Debug|Any CPU
		{D383501F-2518-4127-BEF1-21DFCCB95AE2}.Debug|x86.Build.0 = Debug|Any CPU
		{D383501F-2518-4127-BEF1-21DFCCB95AE2}.Release|Any CPU.ActiveCfg = Release|Any CPU
		{D383501F-2518-4127-BEF1-21DFCCB95AE2}.Release|Any CPU.Build.0 = Release|Any CPU
		{D383501F-2518-4127-BEF1-21DFCCB95AE2}.Release|x64.ActiveCfg = Release|Any CPU
		{D383501F-2518-4127-BEF1-21DFCCB95AE2}.Release|x64.Build.0 = Release|Any CPU
		{D383501F-2518-4127-BEF1-21DFCCB95AE2}.Release|x86.ActiveCfg = Release|Any CPU
		{D383501F-2518-4127-BEF1-21DFCCB95AE2}.Release|x86.Build.0 = Release|Any CPU
	EndGlobalSection
	GlobalSection(SolutionProperties) = preSolution
		HideSolutionNode = FALSE
	EndGlobalSection
	GlobalSection(NestedProjects) = preSolution
		{8B494E4D-E0E6-4EF1-BC3B-FF9AE8DE6131} = {C518E591-8148-4239-89B7-2D8E0DBBA813}
		{A234CA9D-1F8A-4015-B30B-9297840DC664} = {240CB823-EE50-4DFE-AC59-03944113B249}
		{FD472503-4742-4968-BC45-991881B60847} = {C518E591-8148-4239-89B7-2D8E0DBBA813}
		{142DDB8F-3C3A-4720-9CC5-0E9348867689} = {49790950-5C95-4DC8-8764-EFC8287DC6A6}
		{2607E028-A717-4C06-82FC-86E26DC322AD} = {663BB454-9B06-4B90-85A2-35423D0893F9}
		{D383501F-2518-4127-BEF1-21DFCCB95AE2} = {53F1BD0D-3EB3-4154-BC32-6C52D4F5F18E}
		{240CB823-EE50-4DFE-AC59-03944113B249} = {376FBDAA-0A9D-457D-B7A7-39BD8723FD9B}
		{53F1BD0D-3EB3-4154-BC32-6C52D4F5F18E} = {376FBDAA-0A9D-457D-B7A7-39BD8723FD9B}
		{663BB454-9B06-4B90-85A2-35423D0893F9} = {376FBDAA-0A9D-457D-B7A7-39BD8723FD9B}
	EndGlobalSection
	GlobalSection(ExtensibilityGlobals) = postSolution
		SolutionGuid = {02274FAA-6E56-43C8-942C-3594A9D3E623}
	EndGlobalSection
EndGlobal
